
Microsoft Visual Studio Solution File, Format Version 12.00
# Visual Studio 2012
Project("{FAE04EC0-301F-11D3-BF4B-00C04F79EFBC}") = "Practice", "DataStructures\Practice.csproj", "{A57C09D0-9885-41BC-99B4-42F18C805876}"
EndProject
Global
	GlobalSection(SolutionConfigurationPlatforms) = preSolution
		Debug|Any CPU = Debug|Any CPU
		Release|Any CPU = Release|Any CPU
	EndGlobalSection
	GlobalSection(ProjectConfigurationPlatforms) = postSolution
		{A57C09D0-9885-41BC-99B4-42F18C805876}.Debug|Any CPU.ActiveCfg = Debug|Any CPU
		{A57C09D0-9885-41BC-99B4-42F18C805876}.Debug|Any CPU.Build.0 = Debug|Any CPU
		{A57C09D0-9885-41BC-99B4-42F18C805876}.Release|Any CPU.ActiveCfg = Release|Any CPU
		{A57C09D0-9885-41BC-99B4-42F18C805876}.Release|Any CPU.Build.0 = Release|Any CPU
	EndGlobalSection
EndGlobal
